
Microsoft Visual Studio Solution File, Format Version 12.00
# Visual Studio Version 16
VisualStudioVersion = 16.0.31729.503
MinimumVisualStudioVersion = 10.0.40219.1
Project("{FAE04EC0-301F-11D3-BF4B-00C04F79EFBC}") = "Web", "Web\Web.csproj", "{73FBC9BE-4307-4AE9-937E-5681C656D13E}"
EndProject
Global
	GlobalSection(SolutionConfigurationPlatforms) = preSolution
		Debug|Any CPU = Debug|Any CPU
		Release|Any CPU = Release|Any CPU
	EndGlobalSection
	GlobalSection(ProjectConfigurationPlatforms) = postSolution
		{73FBC9BE-4307-4AE9-937E-5681C656D13E}.Debug|Any CPU.ActiveCfg = Debug|Any CPU
		{73FBC9BE-4307-4AE9-937E-5681C656D13E}.Debug|Any CPU.Build.0 = Debug|Any CPU
		{73FBC9BE-4307-4AE9-937E-5681C656D13E}.Release|Any CPU.ActiveCfg = Release|Any CPU
		{73FBC9BE-4307-4AE9-937E-5681C656D13E}.Release|Any CPU.Build.0 = Release|Any CPU
	EndGlobalSection
	GlobalSection(SolutionProperties) = preSolution
		HideSolutionNode = FALSE
	EndGlobalSection
	GlobalSection(ExtensibilityGlobals) = postSolution
		SolutionGuid = {8FDFE453-FAA4-4FF7-82D4-936DC0FE9255}
	EndGlobalSection
EndGlobal
